// !$*UTF8*$!
{
	archiveVersion = 1;
	classes = {
	};
	objectVersion = 50;
	objects = {

/* Begin PBXBuildFile section */
		BFFD1A9720922635002BD859 /* AppDelegate.swift in Sources */ = {isa = PBXBuildFile; fileRef = BFFD1A9620922635002BD859 /* AppDelegate.swift */; };
		BFFD1A9C20922635002BD859 /* Main.storyboard in Resources */ = {isa = PBXBuildFile; fileRef = BFFD1A9A20922635002BD859 /* Main.storyboard */; };
		BFFD1A9E20922635002BD859 /* Assets.xcassets in Resources */ = {isa = PBXBuildFile; fileRef = BFFD1A9D20922635002BD859 /* Assets.xcassets */; };
		BFFD1AA120922635002BD859 /* LaunchScreen.storyboard in Resources */ = {isa = PBXBuildFile; fileRef = BFFD1A9F20922635002BD859 /* LaunchScreen.storyboard */; };
		BFFD1AA92092264A002BD859 /* Task.swift in Sources */ = {isa = PBXBuildFile; fileRef = BFFD1AA82092264A002BD859 /* Task.swift */; };
		BFFD1AAB20922656002BD859 /* TaskCell.swift in Sources */ = {isa = PBXBuildFile; fileRef = BFFD1AAA20922656002BD859 /* TaskCell.swift */; };
		BFFD1AAD20922662002BD859 /* TaskView.swift in Sources */ = {isa = PBXBuildFile; fileRef = BFFD1AAC20922662002BD859 /* TaskView.swift */; };
/* End PBXBuildFile section */

/* Begin PBXFileReference section */
		BFFD1A9320922635002BD859 /* TaskMagic.app */ = {isa = PBXFileReference; explicitFileType = wrapper.application; includeInIndex = 0; path = TaskMagic.app; sourceTree = BUILT_PRODUCTS_DIR; };
		BFFD1A9620922635002BD859 /* AppDelegate.swift */ = {isa = PBXFileReference; lastKnownFileType = sourcecode.swift; path = AppDelegate.swift; sourceTree = "<group>"; };
		BFFD1A9B20922635002BD859 /* Base */ = {isa = PBXFileReference; lastKnownFileType = file.storyboard; name = Base; path = Base.lproj/Main.storyboard; sourceTree = "<group>"; };
		BFFD1A9D20922635002BD859 /* Assets.xcassets */ = {isa = PBXFileReference; lastKnownFileType = folder.assetcatalog; path = Assets.xcassets; sourceTree = "<group>"; };
		BFFD1AA020922635002BD859 /* Base */ = {isa = PBXFileReference; lastKnownFileType = file.storyboard; name = Base; path = Base.lproj/LaunchScreen.storyboard; sourceTree = "<group>"; };
		BFFD1AA220922635002BD859 /* Info.plist */ = {isa = PBXFileReference; lastKnownFileType = text.plist.xml; path = Info.plist; sourceTree = "<group>"; };
		BFFD1AA82092264A002BD859 /* Task.swift */ = {isa = PBXFileReference; lastKnownFileType = sourcecode.swift; path = Task.swift; sourceTree = "<group>"; };
		BFFD1AAA20922656002BD859 /* TaskCell.swift */ = {isa = PBXFileReference; lastKnownFileType = sourcecode.swift; path = TaskCell.swift; sourceTree = "<group>"; };
		BFFD1AAC20922662002BD859 /* TaskView.swift */ = {isa = PBXFileReference; lastKnownFileType = sourcecode.swift; path = TaskView.swift; sourceTree = "<group>"; };
/* End PBXFileReference section */

/* Begin PBXFrameworksBuildPhase section */
		BFFD1A9020922635002BD859 /* Frameworks */ = {
			isa = PBXFrameworksBuildPhase;
			buildActionMask = 2147483647;
			files = (
			);
			runOnlyForDeploymentPostprocessing = 0;
		};
/* End PBXFrameworksBuildPhase section */

/* Begin PBXGroup section */
		BFFD1A8A20922635002BD859 = {
			isa = PBXGroup;
			children = (
				BFFD1A9520922635002BD859 /* TaskMagic */,
				BFFD1A9420922635002BD859 /* Products */,
			);
			sourceTree = "<group>";
		};
		BFFD1A9420922635002BD859 /* Products */ = {
			isa = PBXGroup;
			children = (
				BFFD1A9320922635002BD859 /* TaskMagic.app */,
			);
			name = Products;
			sourceTree = "<group>";
		};
		BFFD1A9520922635002BD859 /* TaskMagic */ = {
			isa = PBXGroup;
			children = (
				BFFD1A9620922635002BD859 /* AppDelegate.swift */,
				BFFD1AA82092264A002BD859 /* Task.swift */,
				BFFD1AAA20922656002BD859 /* TaskCell.swift */,
				BFFD1AAC20922662002BD859 /* TaskView.swift */,
				BFFD1A9A20922635002BD859 /* Main.storyboard */,
				BFFD1A9D20922635002BD859 /* Assets.xcassets */,
				BFFD1A9F20922635002BD859 /* LaunchScreen.storyboard */,
				BFFD1AA220922635002BD859 /* Info.plist */,
			);
			path = TaskMagic;
			sourceTree = "<group>";
		};
/* End PBXGroup section */

/* Begin PBXNativeTarget section */
		BFFD1A9220922635002BD859 /* TaskMagic */ = {
			isa = PBXNativeTarget;
			buildConfigurationList = BFFD1AA520922635002BD859 /* Build configuration list for PBXNativeTarget "TaskMagic" */;
			buildPhases = (
				BFFD1A8F20922635002BD859 /* Sources */,
				BFFD1A9020922635002BD859 /* Frameworks */,
				BFFD1A9120922635002BD859 /* Resources */,
			);
			buildRules = (
			);
			dependencies = (
			);
			name = TaskMagic;
			productName = TaskMagic;
			productReference = BFFD1A9320922635002BD859 /* TaskMagic.app */;
			productType = "com.apple.product-type.application";
		};
/* End PBXNativeTarget section */

/* Begin PBXProject section */
		BFFD1A8B20922635002BD859 /* Project object */ = {
			isa = PBXProject;
			attributes = {
				LastSwiftUpdateCheck = 0930;
				LastUpgradeCheck = 0930;
				ORGANIZATIONNAME = "Loco Motion Enterprises";
				TargetAttributes = {
					BFFD1A9220922635002BD859 = {
						CreatedOnToolsVersion = 9.3;
						LastSwiftMigration = 1000;
					};
				};
			};
			buildConfigurationList = BFFD1A8E20922635002BD859 /* Build configuration list for PBXProject "TaskMagic" */;
			compatibilityVersion = "Xcode 9.3";
			developmentRegion = en;
			hasScannedForEncodings = 0;
			knownRegions = (
				en,
				Base,
			);
			mainGroup = BFFD1A8A20922635002BD859;
			productRefGroup = BFFD1A9420922635002BD859 /* Products */;
			projectDirPath = "";
			projectRoot = "";
			targets = (
				BFFD1A9220922635002BD859 /* TaskMagic */,
			);
		};
/* End PBXProject section */

/* Begin PBXResourcesBuildPhase section */
		BFFD1A9120922635002BD859 /* Resources */ = {
			isa = PBXResourcesBuildPhase;
			buildActionMask = 2147483647;
			files = (
				BFFD1AA120922635002BD859 /* LaunchScreen.storyboard in Resources */,
				BFFD1A9E20922635002BD859 /* Assets.xcassets in Resources */,
				BFFD1A9C20922635002BD859 /* Main.storyboard in Resources */,
			);
			runOnlyForDeploymentPostprocessing = 0;
		};
/* End PBXResourcesBuildPhase section */

/* Begin PBXSourcesBuildPhase section */
		BFFD1A8F20922635002BD859 /* Sources */ = {
			isa = PBXSourcesBuildPhase;
			buildActionMask = 2147483647;
			files = (
				BFFD1AA92092264A002BD859 /* Task.swift in Sources */,
				BFFD1AAB20922656002BD859 /* TaskCell.swift in Sources */,
				BFFD1A9720922635002BD859 /* AppDelegate.swift in Sources */,
				BFFD1AAD20922662002BD859 /* TaskView.swift in Sources */,
			);
			runOnlyForDeploymentPostprocessing = 0;
		};
/* End PBXSourcesBuildPhase section */

/* Begin PBXVariantGroup section */
		BFFD1A9A20922635002BD859 /* Main.storyboard */ = {
			isa = PBXVariantGroup;
			children = (
				BFFD1A9B20922635002BD859 /* Base */,
			);
			name = Main.storyboard;
			sourceTree = "<group>";
		};
		BFFD1A9F20922635002BD859 /* LaunchScreen.storyboard */ = {
			isa = PBXVariantGroup;
			children = (
				BFFD1AA020922635002BD859 /* Base */,
			);
			name = LaunchScreen.storyboard;
			sourceTree = "<group>";
		};
/* End PBXVariantGroup section */

/* Begin XCBuildConfiguration section */
		BFFD1AA320922635002BD859 /* Debug */ = {
			isa = XCBuildConfiguration;
			buildSettings = {
				ALWAYS_SEARCH_USER_PATHS = NO;
				CLANG_ANALYZER_NONNULL = YES;
				CLANG_ANALYZER_NUMBER_OBJECT_CONVERSION = YES_AGGRESSIVE;
				CLANG_CXX_LANGUAGE_STANDARD = "gnu++14";
				CLANG_CXX_LIBRARY = "libc++";
				CLANG_ENABLE_MODULES = YES;
				CLANG_ENABLE_OBJC_ARC = YES;
				CLANG_ENABLE_OBJC_WEAK = YES;
				CLANG_WARN_BLOCK_CAPTURE_AUTORELEASING = YES;
				CLANG_WARN_BOOL_CONVERSION = YES;
				CLANG_WARN_COMMA = YES;
				CLANG_WARN_CONSTANT_CONVERSION = YES;
				CLANG_WARN_DEPRECATED_OBJC_IMPLEMENTATIONS = YES;
				CLANG_WARN_DIRECT_OBJC_ISA_USAGE = YES_ERROR;
				CLANG_WARN_DOCUMENTATION_COMMENTS = YES;
				CLANG_WARN_EMPTY_BODY = YES;
				CLANG_WARN_ENUM_CONVERSION = YES;
				CLANG_WARN_INFINITE_RECURSION = YES;
				CLANG_WARN_INT_CONVERSION = YES;
				CLANG_WARN_NON_LITERAL_NULL_CONVERSION = YES;
				CLANG_WARN_OBJC_IMPLICIT_RETAIN_SELF = YES;
				CLANG_WARN_OBJC_LITERAL_CONVERSION = YES;
				CLANG_WARN_OBJC_ROOT_CLASS = YES_ERROR;
				CLANG_WARN_RANGE_LOOP_ANALYSIS = YES;
				CLANG_WARN_STRICT_PROTOTYPES = YES;
				CLANG_WARN_SUSPICIOUS_MOVE = YES;
				CLANG_WARN_UNGUARDED_AVAILABILITY = YES_AGGRESSIVE;
				CLANG_WARN_UNREACHABLE_CODE = YES;
				CLANG_WARN__DUPLICATE_METHOD_MATCH = YES;
				CODE_SIGN_IDENTITY = "iPhone Developer";
				COPY_PHASE_STRIP = NO;
				DEBUG_INFORMATION_FORMAT = dwarf;
				ENABLE_STRICT_OBJC_MSGSEND = YES;
				ENABLE_TESTABILITY = YES;
				GCC_C_LANGUAGE_STANDARD = gnu11;
				GCC_DYNAMIC_NO_PIC = NO;
				GCC_NO_COMMON_BLOCKS = YES;
				GCC_OPTIMIZATION_LEVEL = 0;
				GCC_PREPROCESSOR_DEFINITIONS = (
					"DEBUG=1",
					"$(inherited)",
				);
				GCC_WARN_64_TO_32_BIT_CONVERSION = YES;
				GCC_WARN_ABOUT_RETURN_TYPE = YES_ERROR;
				GCC_WARN_UNDECLARED_SELECTOR = YES;
				GCC_WARN_UNINITIALIZED_AUTOS = YES_AGGRESSIVE;
				GCC_WARN_UNUSED_FUNCTION = YES;
				GCC_WARN_UNUSED_VARIABLE = YES;
				IPHONEOS_DEPLOYMENT_TARGET = 11.3;
				MTL_ENABLE_DEBUG_INFO = YES;
				ONLY_ACTIVE_ARCH = YES;
				SDKROOT = iphoneos;
				SWIFT_ACTIVE_COMPILATION_CONDITIONS = DEBUG;
				SWIFT_OPTIMIZATION_LEVEL = "-Onone";
			};
			name = Debug;
		};
		BFFD1AA420922635002BD859 /* Release */ = {
			isa = XCBuildConfiguration;
			buildSettings = {
				ALWAYS_SEARCH_USER_PATHS = NO;
				CLANG_ANALYZER_NONNULL = YES;
				CLANG_ANALYZER_NUMBER_OBJECT_CONVERSION = YES_AGGRESSIVE;
				CLANG_CXX_LANGUAGE_STANDARD = "gnu++14";
				CLANG_CXX_LIBRARY = "libc++";
				CLANG_ENABLE_MODULES = YES;
				CLANG_ENABLE_OBJC_ARC = YES;
				CLANG_ENABLE_OBJC_WEAK = YES;
				CLANG_WARN_BLOCK_CAPTURE_AUTORELEASING = YES;
				CLANG_WARN_BOOL_CONVERSION = YES;
				CLANG_WARN_COMMA = YES;
				CLANG_WARN_CONSTANT_CONVERSION = YES;
				CLANG_WARN_DEPRECATED_OBJC_IMPLEMENTATIONS = YES;
				CLANG_WARN_DIRECT_OBJC_ISA_USAGE = YES_ERROR;
				CLANG_WARN_DOCUMENTATION_COMMENTS = YES;
				CLANG_WARN_EMPTY_BODY = YES;
				CLANG_WARN_ENUM_CONVERSION = YES;
				CLANG_WARN_INFINITE_RECURSION = YES;
				CLANG_WARN_INT_CONVERSION = YES;
				CLANG_WARN_NON_LITERAL_NULL_CONVERSION = YES;
				CLANG_WARN_OBJC_IMPLICIT_RETAIN_SELF = YES;
				CLANG_WARN_OBJC_LITERAL_CONVERSION = YES;
				CLANG_WARN_OBJC_ROOT_CLASS = YES_ERROR;
				CLANG_WARN_RANGE_LOOP_ANALYSIS = YES;
				CLANG_WARN_STRICT_PROTOTYPES = YES;
				CLANG_WARN_SUSPICIOUS_MOVE = YES;
				CLANG_WARN_UNGUARDED_AVAILABILITY = YES_AGGRESSIVE;
				CLANG_WARN_UNREACHABLE_CODE = YES;
				CLANG_WARN__DUPLICATE_METHOD_MATCH = YES;
				CODE_SIGN_IDENTITY = "iPhone Developer";
				COPY_PHASE_STRIP = NO;
				DEBUG_INFORMATION_FORMAT = "dwarf-with-dsym";
				ENABLE_NS_ASSERTIONS = NO;
				ENABLE_STRICT_OBJC_MSGSEND = YES;
				GCC_C_LANGUAGE_STANDARD = gnu11;
				GCC_NO_COMMON_BLOCKS = YES;
				GCC_WARN_64_TO_32_BIT_CONVERSION = YES;
				GCC_WARN_ABOUT_RETURN_TYPE = YES_ERROR;
				GCC_WARN_UNDECLARED_SELECTOR = YES;
				GCC_WARN_UNINITIALIZED_AUTOS = YES_AGGRESSIVE;
				GCC_WARN_UNUSED_FUNCTION = YES;
				GCC_WARN_UNUSED_VARIABLE = YES;
				IPHONEOS_DEPLOYMENT_TARGET = 11.3;
				MTL_ENABLE_DEBUG_INFO = NO;
				SDKROOT = iphoneos;
				SWIFT_COMPILATION_MODE = wholemodule;
				SWIFT_OPTIMIZATION_LEVEL = "-O";
				VALIDATE_PRODUCT = YES;
			};
			name = Release;
		};
		BFFD1AA620922635002BD859 /* Debug */ = {
			isa = XCBuildConfiguration;
			buildSettings = {
				ASSETCATALOG_COMPILER_APPICON_NAME = AppIcon;
				CODE_SIGN_STYLE = Automatic;
				DEVELOPMENT_TEAM = WSH2B6Y3P8;
				INFOPLIST_FILE = TaskMagic/Info.plist;
				LD_RUNPATH_SEARCH_PATHS = (
					"$(inherited)",
					"@executable_path/Frameworks",
				);
				PRODUCT_BUNDLE_IDENTIFIER = com.onethingslowly.TaskMagic;
				PRODUCT_NAME = "$(TARGET_NAME)";
				SWIFT_VERSION = 4.2;
				TARGETED_DEVICE_FAMILY = "1,2";
			};
			name = Debug;
		};
		BFFD1AA720922635002BD859 /* Release */ = {
			isa = XCBuildConfiguration;
			buildSettings = {
				ASSETCATALOG_COMPILER_APPICON_NAME = AppIcon;
				CODE_SIGN_STYLE = Automatic;
				DEVELOPMENT_TEAM = WSH2B6Y3P8;
				INFOPLIST_FILE = TaskMagic/Info.plist;
				LD_RUNPATH_SEARCH_PATHS = (
					"$(inherited)",
					"@executable_path/Frameworks",
				);
				PRODUCT_BUNDLE_IDENTIFIER = com.onethingslowly.TaskMagic;
				PRODUCT_NAME = "$(TARGET_NAME)";
				SWIFT_VERSION = 4.2;
				TARGETED_DEVICE_FAMILY = "1,2";
			};
			name = Release;
		};
/* End XCBuildConfiguration section */

/* Begin XCConfigurationList section */
		BFFD1A8E20922635002BD859 /* Build configuration list for PBXProject "TaskMagic" */ = {
			isa = XCConfigurationList;
			buildConfigurations = (
				BFFD1AA320922635002BD859 /* Debug */,
				BFFD1AA420922635002BD859 /* Release */,
			);
			defaultConfigurationIsVisible = 0;
			defaultConfigurationName = Release;
		};
		BFFD1AA520922635002BD859 /* Build configuration list for PBXNativeTarget "TaskMagic" */ = {
			isa = XCConfigurationList;
			buildConfigurations = (
				BFFD1AA620922635002BD859 /* Debug */,
				BFFD1AA720922635002BD859 /* Release */,
			);
			defaultConfigurationIsVisible = 0;
			defaultConfigurationName = Release;
		};
/* End XCConfigurationList section */
	};
	rootObject = BFFD1A8B20922635002BD859 /* Project object */;
}
